
Microsoft Visual Studio Solution File, Format Version 12.00
# Visual Studio 15
VisualStudioVersion = 15.0.26730.3
MinimumVisualStudioVersion = 10.0.40219.1
Project("{FAE04EC0-301F-11D3-BF4B-00C04F79EFBC}") = "CeRestServerAspNet", "CeRestServerAspNet\CeRestServerAspNet.csproj", "{8746A8F5-96EF-4349-ADB3-800014CBE8E0}"
EndProject
Global
	GlobalSection(SolutionConfigurationPlatforms) = preSolution
		Debug|Any CPU = Debug|Any CPU
		Release|Any CPU = Release|Any CPU
	EndGlobalSection
	GlobalSection(ProjectConfigurationPlatforms) = postSolution
		{8746A8F5-96EF-4349-ADB3-800014CBE8E0}.Debug|Any CPU.ActiveCfg = Debug|Any CPU
		{8746A8F5-96EF-4349-ADB3-800014CBE8E0}.Debug|Any CPU.Build.0 = Debug|Any CPU
		{8746A8F5-96EF-4349-ADB3-800014CBE8E0}.Release|Any CPU.ActiveCfg = Release|Any CPU
		{8746A8F5-96EF-4349-ADB3-800014CBE8E0}.Release|Any CPU.Build.0 = Release|Any CPU
	EndGlobalSection
	GlobalSection(SolutionProperties) = preSolution
		HideSolutionNode = FALSE
	EndGlobalSection
	GlobalSection(ExtensibilityGlobals) = postSolution
		SolutionGuid = {2DAB8D23-26D5-4C93-9DA4-67B36D6C6953}
	EndGlobalSection
EndGlobal
