
Microsoft Visual Studio Solution File, Format Version 12.00
# Visual Studio 15
VisualStudioVersion = 15.0.26430.6
MinimumVisualStudioVersion = 10.0.40219.1
Project("{9A19103F-16F7-4668-BE54-9A1E7A4F7556}") = "Contracts", "Contracts\Contracts.csproj", "{53B0DADB-1800-4BC0-897D-DD0AD9FDC0B0}"
EndProject
Project("{9A19103F-16F7-4668-BE54-9A1E7A4F7556}") = "CeServer", "CeServer\CeServer.csproj", "{35F1CA1F-4E99-4798-B6B5-74105B4E2318}"
EndProject
Project("{FAE04EC0-301F-11D3-BF4B-00C04F79EFBC}") = "PoClient", "PoClient\PoClient.csproj", "{4C68849C-356F-454E-B320-CA17B44ACD07}"
EndProject
Project("{9A19103F-16F7-4668-BE54-9A1E7A4F7556}") = "CeDomain", "CeDomain\CeDomain.csproj", "{AFD2DD14-D794-4A92-9306-1BC7812242CD}"
EndProject
Project("{FAE04EC0-301F-11D3-BF4B-00C04F79EFBC}") = "CeServerProvider", "CeServerProvider\CeServerProvider.csproj", "{56031106-1D87-4E5A-B1C6-FC87B7546421}"
EndProject
Project("{FAE04EC0-301F-11D3-BF4B-00C04F79EFBC}") = "EClient", "EClient\EClient.csproj", "{32B62531-EFA4-4378-92C3-2EAD3C575199}"
EndProject
Project("{2150E333-8FDC-42A3-9474-1A3956D46DE8}") = "Services", "Services", "{020ED5B3-D6AC-409D-9CEA-476B9637156F}"
EndProject
Project("{FAE04EC0-301F-11D3-BF4B-00C04F79EFBC}") = "Gewichtung", "Gewichtung\Gewichtung.csproj", "{4060F753-8D00-429B-9425-BC4C2D6D0ED8}"
EndProject
Global
	GlobalSection(SolutionConfigurationPlatforms) = preSolution
		Debug|Any CPU = Debug|Any CPU
		Release|Any CPU = Release|Any CPU
	EndGlobalSection
	GlobalSection(ProjectConfigurationPlatforms) = postSolution
		{53B0DADB-1800-4BC0-897D-DD0AD9FDC0B0}.Debug|Any CPU.ActiveCfg = Debug|Any CPU
		{53B0DADB-1800-4BC0-897D-DD0AD9FDC0B0}.Debug|Any CPU.Build.0 = Debug|Any CPU
		{53B0DADB-1800-4BC0-897D-DD0AD9FDC0B0}.Release|Any CPU.ActiveCfg = Release|Any CPU
		{53B0DADB-1800-4BC0-897D-DD0AD9FDC0B0}.Release|Any CPU.Build.0 = Release|Any CPU
		{35F1CA1F-4E99-4798-B6B5-74105B4E2318}.Debug|Any CPU.ActiveCfg = Debug|Any CPU
		{35F1CA1F-4E99-4798-B6B5-74105B4E2318}.Debug|Any CPU.Build.0 = Debug|Any CPU
		{35F1CA1F-4E99-4798-B6B5-74105B4E2318}.Release|Any CPU.ActiveCfg = Release|Any CPU
		{35F1CA1F-4E99-4798-B6B5-74105B4E2318}.Release|Any CPU.Build.0 = Release|Any CPU
		{4C68849C-356F-454E-B320-CA17B44ACD07}.Debug|Any CPU.ActiveCfg = Debug|Any CPU
		{4C68849C-356F-454E-B320-CA17B44ACD07}.Debug|Any CPU.Build.0 = Debug|Any CPU
		{4C68849C-356F-454E-B320-CA17B44ACD07}.Release|Any CPU.ActiveCfg = Release|Any CPU
		{4C68849C-356F-454E-B320-CA17B44ACD07}.Release|Any CPU.Build.0 = Release|Any CPU
		{AFD2DD14-D794-4A92-9306-1BC7812242CD}.Debug|Any CPU.ActiveCfg = Debug|Any CPU
		{AFD2DD14-D794-4A92-9306-1BC7812242CD}.Debug|Any CPU.Build.0 = Debug|Any CPU
		{AFD2DD14-D794-4A92-9306-1BC7812242CD}.Release|Any CPU.ActiveCfg = Release|Any CPU
		{AFD2DD14-D794-4A92-9306-1BC7812242CD}.Release|Any CPU.Build.0 = Release|Any CPU
		{56031106-1D87-4E5A-B1C6-FC87B7546421}.Debug|Any CPU.ActiveCfg = Debug|Any CPU
		{56031106-1D87-4E5A-B1C6-FC87B7546421}.Debug|Any CPU.Build.0 = Debug|Any CPU
		{56031106-1D87-4E5A-B1C6-FC87B7546421}.Release|Any CPU.ActiveCfg = Release|Any CPU
		{56031106-1D87-4E5A-B1C6-FC87B7546421}.Release|Any CPU.Build.0 = Release|Any CPU
		{32B62531-EFA4-4378-92C3-2EAD3C575199}.Debug|Any CPU.ActiveCfg = Debug|Any CPU
		{32B62531-EFA4-4378-92C3-2EAD3C575199}.Debug|Any CPU.Build.0 = Debug|Any CPU
		{32B62531-EFA4-4378-92C3-2EAD3C575199}.Release|Any CPU.ActiveCfg = Release|Any CPU
		{32B62531-EFA4-4378-92C3-2EAD3C575199}.Release|Any CPU.Build.0 = Release|Any CPU
		{4060F753-8D00-429B-9425-BC4C2D6D0ED8}.Debug|Any CPU.ActiveCfg = Debug|Any CPU
		{4060F753-8D00-429B-9425-BC4C2D6D0ED8}.Debug|Any CPU.Build.0 = Debug|Any CPU
		{4060F753-8D00-429B-9425-BC4C2D6D0ED8}.Release|Any CPU.ActiveCfg = Release|Any CPU
		{4060F753-8D00-429B-9425-BC4C2D6D0ED8}.Release|Any CPU.Build.0 = Release|Any CPU
	EndGlobalSection
	GlobalSection(SolutionProperties) = preSolution
		HideSolutionNode = FALSE
	EndGlobalSection
	GlobalSection(NestedProjects) = preSolution
		{35F1CA1F-4E99-4798-B6B5-74105B4E2318} = {020ED5B3-D6AC-409D-9CEA-476B9637156F}
		{4C68849C-356F-454E-B320-CA17B44ACD07} = {020ED5B3-D6AC-409D-9CEA-476B9637156F}
		{32B62531-EFA4-4378-92C3-2EAD3C575199} = {020ED5B3-D6AC-409D-9CEA-476B9637156F}
	EndGlobalSection
EndGlobal
